
Microsoft Visual Studio Solution File, Format Version 12.00
# Visual Studio Version 17
VisualStudioVersion = 17.3.32825.248
MinimumVisualStudioVersion = 10.0.40219.1
Project("{9A19103F-16F7-4668-BE54-9A1E7A4F7556}") = "Pedido.API", "Pedido.API\Pedido.API.csproj", "{FBA20F7E-11AA-4480-A111-1D58611C4008}"
EndProject
Project("{9A19103F-16F7-4668-BE54-9A1E7A4F7556}") = "Estoque.API", "Estoque.API\Estoque.API.csproj", "{D4FD642A-EAF0-49FF-B233-710285EAA771}"
EndProject
Project("{9A19103F-16F7-4668-BE54-9A1E7A4F7556}") = "Core", "Core\Core.csproj", "{66E37177-F028-4CE6-ACF0-C61530E1027D}"
EndProject
Project("{9A19103F-16F7-4668-BE54-9A1E7A4F7556}") = "Models", "Models\Models.csproj", "{003AB4E3-95F8-414E-8C40-25BF8BDA0FE1}"
EndProject
Project("{2150E333-8FDC-42A3-9474-1A3956D46DE8}") = "Services", "Services", "{84B78E54-0F5F-455C-9ED5-29FF2C3B0778}"
EndProject
Project("{2150E333-8FDC-42A3-9474-1A3956D46DE8}") = "Estoque", "Estoque", "{22FC8F9D-B5BC-4119-83DC-CFE251F38B80}"
EndProject
Project("{2150E333-8FDC-42A3-9474-1A3956D46DE8}") = "Pedido", "Pedido", "{96D4B21B-4574-4A0F-B808-01D581A2DCBC}"
EndProject
Project("{2150E333-8FDC-42A3-9474-1A3956D46DE8}") = "API", "API", "{5791BC76-0984-4B0A-B680-4DA68D7BCA9F}"
EndProject
Project("{2150E333-8FDC-42A3-9474-1A3956D46DE8}") = "Jobs", "Jobs", "{B042001B-A619-4B32-A07B-F17A528629B4}"
EndProject
Project("{2150E333-8FDC-42A3-9474-1A3956D46DE8}") = "API", "API", "{3CFB9554-11EE-4B38-8161-7AF8D81E4462}"
EndProject
Project("{FAE04EC0-301F-11D3-BF4B-00C04F79EFBC}") = "WorkerEstoque", "WorkerEstoque\WorkerEstoque.csproj", "{F9DC31F2-5370-4DB0-875D-57E7A2296586}"
EndProject
Global
	GlobalSection(SolutionConfigurationPlatforms) = preSolution
		Debug|Any CPU = Debug|Any CPU
		Release|Any CPU = Release|Any CPU
	EndGlobalSection
	GlobalSection(ProjectConfigurationPlatforms) = postSolution
		{FBA20F7E-11AA-4480-A111-1D58611C4008}.Debug|Any CPU.ActiveCfg = Debug|Any CPU
		{FBA20F7E-11AA-4480-A111-1D58611C4008}.Debug|Any CPU.Build.0 = Debug|Any CPU
		{FBA20F7E-11AA-4480-A111-1D58611C4008}.Release|Any CPU.ActiveCfg = Release|Any CPU
		{FBA20F7E-11AA-4480-A111-1D58611C4008}.Release|Any CPU.Build.0 = Release|Any CPU
		{D4FD642A-EAF0-49FF-B233-710285EAA771}.Debug|Any CPU.ActiveCfg = Debug|Any CPU
		{D4FD642A-EAF0-49FF-B233-710285EAA771}.Debug|Any CPU.Build.0 = Debug|Any CPU
		{D4FD642A-EAF0-49FF-B233-710285EAA771}.Release|Any CPU.ActiveCfg = Release|Any CPU
		{D4FD642A-EAF0-49FF-B233-710285EAA771}.Release|Any CPU.Build.0 = Release|Any CPU
		{66E37177-F028-4CE6-ACF0-C61530E1027D}.Debug|Any CPU.ActiveCfg = Debug|Any CPU
		{66E37177-F028-4CE6-ACF0-C61530E1027D}.Debug|Any CPU.Build.0 = Debug|Any CPU
		{66E37177-F028-4CE6-ACF0-C61530E1027D}.Release|Any CPU.ActiveCfg = Release|Any CPU
		{66E37177-F028-4CE6-ACF0-C61530E1027D}.Release|Any CPU.Build.0 = Release|Any CPU
		{003AB4E3-95F8-414E-8C40-25BF8BDA0FE1}.Debug|Any CPU.ActiveCfg = Debug|Any CPU
		{003AB4E3-95F8-414E-8C40-25BF8BDA0FE1}.Debug|Any CPU.Build.0 = Debug|Any CPU
		{003AB4E3-95F8-414E-8C40-25BF8BDA0FE1}.Release|Any CPU.ActiveCfg = Release|Any CPU
		{003AB4E3-95F8-414E-8C40-25BF8BDA0FE1}.Release|Any CPU.Build.0 = Release|Any CPU
		{F9DC31F2-5370-4DB0-875D-57E7A2296586}.Debug|Any CPU.ActiveCfg = Debug|Any CPU
		{F9DC31F2-5370-4DB0-875D-57E7A2296586}.Debug|Any CPU.Build.0 = Debug|Any CPU
		{F9DC31F2-5370-4DB0-875D-57E7A2296586}.Release|Any CPU.ActiveCfg = Release|Any CPU
		{F9DC31F2-5370-4DB0-875D-57E7A2296586}.Release|Any CPU.Build.0 = Release|Any CPU
	EndGlobalSection
	GlobalSection(SolutionProperties) = preSolution
		HideSolutionNode = FALSE
	EndGlobalSection
	GlobalSection(NestedProjects) = preSolution
		{FBA20F7E-11AA-4480-A111-1D58611C4008} = {3CFB9554-11EE-4B38-8161-7AF8D81E4462}
		{D4FD642A-EAF0-49FF-B233-710285EAA771} = {5791BC76-0984-4B0A-B680-4DA68D7BCA9F}
		{22FC8F9D-B5BC-4119-83DC-CFE251F38B80} = {84B78E54-0F5F-455C-9ED5-29FF2C3B0778}
		{96D4B21B-4574-4A0F-B808-01D581A2DCBC} = {84B78E54-0F5F-455C-9ED5-29FF2C3B0778}
		{5791BC76-0984-4B0A-B680-4DA68D7BCA9F} = {22FC8F9D-B5BC-4119-83DC-CFE251F38B80}
		{B042001B-A619-4B32-A07B-F17A528629B4} = {22FC8F9D-B5BC-4119-83DC-CFE251F38B80}
		{3CFB9554-11EE-4B38-8161-7AF8D81E4462} = {96D4B21B-4574-4A0F-B808-01D581A2DCBC}
		{F9DC31F2-5370-4DB0-875D-57E7A2296586} = {B042001B-A619-4B32-A07B-F17A528629B4}
	EndGlobalSection
	GlobalSection(ExtensibilityGlobals) = postSolution
		SolutionGuid = {422E6CC5-B350-4B81-8FA7-5D3F474E203B}
	EndGlobalSection
EndGlobal
